
Microsoft Visual Studio Solution File, Format Version 12.00
# Visual Studio Version 16
VisualStudioVersion = 16.0.30611.23
MinimumVisualStudioVersion = 10.0.40219.1
Project("{FAE04EC0-301F-11D3-BF4B-00C04F79EFBC}") = "Dry cleaning program", "Dry cleaning program\Dry cleaning program.csproj", "{DE389259-4910-468F-B478-6F1689CCADC9}"
EndProject
Project("{FAE04EC0-301F-11D3-BF4B-00C04F79EFBC}") = "DBTest", "DBTest\DBTest.csproj", "{10AEE355-215E-4A31-AE22-36F147F32BB0}"
EndProject
Global
	GlobalSection(SolutionConfigurationPlatforms) = preSolution
		Debug|Any CPU = Debug|Any CPU
		Release|Any CPU = Release|Any CPU
	EndGlobalSection
	GlobalSection(ProjectConfigurationPlatforms) = postSolution
		{DE389259-4910-468F-B478-6F1689CCADC9}.Debug|Any CPU.ActiveCfg = Debug|Any CPU
		{DE389259-4910-468F-B478-6F1689CCADC9}.Debug|Any CPU.Build.0 = Debug|Any CPU
		{DE389259-4910-468F-B478-6F1689CCADC9}.Release|Any CPU.ActiveCfg = Release|Any CPU
		{DE389259-4910-468F-B478-6F1689CCADC9}.Release|Any CPU.Build.0 = Release|Any CPU
		{10AEE355-215E-4A31-AE22-36F147F32BB0}.Debug|Any CPU.ActiveCfg = Debug|Any CPU
		{10AEE355-215E-4A31-AE22-36F147F32BB0}.Debug|Any CPU.Build.0 = Debug|Any CPU
		{10AEE355-215E-4A31-AE22-36F147F32BB0}.Release|Any CPU.ActiveCfg = Release|Any CPU
		{10AEE355-215E-4A31-AE22-36F147F32BB0}.Release|Any CPU.Build.0 = Release|Any CPU
	EndGlobalSection
	GlobalSection(SolutionProperties) = preSolution
		HideSolutionNode = FALSE
	EndGlobalSection
	GlobalSection(ExtensibilityGlobals) = postSolution
		SolutionGuid = {0E9854A0-D2AF-44AA-9EB9-CD759DDBDF0C}
	EndGlobalSection
EndGlobal
